
Microsoft Visual Studio Solution File, Format Version 12.00
# Visual Studio Version 17
VisualStudioVersion = 17.0.31903.59
MinimumVisualStudioVersion = 10.0.40219.1
Project("{2150E333-8FDC-42A3-9474-1A3956D46DE8}") = "src", "src", "{827E0CD3-B72D-47B6-A68D-7590B98EB39B}"
EndProject
Project("{FAE04EC0-301F-11D3-BF4B-00C04F79EFBC}") = "Nidhi.Api", "src\Nidhi.Api\Nidhi.Api.csproj", "{E7EF53D1-CE5B-4494-89A5-39138F2E36C9}"
EndProject
Project("{FAE04EC0-301F-11D3-BF4B-00C04F79EFBC}") = "Nidhi.Application", "src\Nidhi.Application\Nidhi.Application.csproj", "{D61CF02F-2745-4F6B-B94E-D885846A5590}"
EndProject
Project("{FAE04EC0-301F-11D3-BF4B-00C04F79EFBC}") = "Nidhi.Domain", "src\Nidhi.Domain\Nidhi.Domain.csproj", "{41F31AF7-F60E-44CF-9CB3-F5FD294C8549}"
EndProject
Project("{FAE04EC0-301F-11D3-BF4B-00C04F79EFBC}") = "Nidhi.Infrastructure", "src\Nidhi.Infrastructure\Nidhi.Infrastructure.csproj", "{F6B6E642-2E25-418B-BBED-5E8FC5546E19}"
EndProject
Project("{2150E333-8FDC-42A3-9474-1A3956D46DE8}") = "tests", "tests", "{0AB3BF05-4346-4AA6-1389-037BE0695223}"
EndProject
Project("{FAE04EC0-301F-11D3-BF4B-00C04F79EFBC}") = "Nidhi.IntegrationTests", "tests\Nidhi.IntegrationTests\Nidhi.IntegrationTests.csproj", "{138834FB-1D9C-4623-8F3E-13FF47D21067}"
EndProject
Project("{FAE04EC0-301F-11D3-BF4B-00C04F79EFBC}") = "Nidhi.UnitTests", "tests\Nidhi.UnitTests\Nidhi.UnitTests.csproj", "{F30F8EFF-6FB2-4415-A1DA-6C99FBF3120D}"
EndProject
Global
	GlobalSection(SolutionConfigurationPlatforms) = preSolution
		Debug|Any CPU = Debug|Any CPU
		Debug|x64 = Debug|x64
		Debug|x86 = Debug|x86
		Release|Any CPU = Release|Any CPU
		Release|x64 = Release|x64
		Release|x86 = Release|x86
	EndGlobalSection
	GlobalSection(ProjectConfigurationPlatforms) = postSolution
		{E7EF53D1-CE5B-4494-89A5-39138F2E36C9}.Debug|Any CPU.ActiveCfg = Debug|Any CPU
		{E7EF53D1-CE5B-4494-89A5-39138F2E36C9}.Debug|Any CPU.Build.0 = Debug|Any CPU
		{E7EF53D1-CE5B-4494-89A5-39138F2E36C9}.Debug|x64.ActiveCfg = Debug|Any CPU
		{E7EF53D1-CE5B-4494-89A5-39138F2E36C9}.Debug|x64.Build.0 = Debug|Any CPU
		{E7EF53D1-CE5B-4494-89A5-39138F2E36C9}.Debug|x86.ActiveCfg = Debug|Any CPU
		{E7EF53D1-CE5B-4494-89A5-39138F2E36C9}.Debug|x86.Build.0 = Debug|Any CPU
		{E7EF53D1-CE5B-4494-89A5-39138F2E36C9}.Release|Any CPU.ActiveCfg = Release|Any CPU
		{E7EF53D1-CE5B-4494-89A5-39138F2E36C9}.Release|Any CPU.Build.0 = Release|Any CPU
		{E7EF53D1-CE5B-4494-89A5-39138F2E36C9}.Release|x64.ActiveCfg = Release|Any CPU
		{E7EF53D1-CE5B-4494-89A5-39138F2E36C9}.Release|x64.Build.0 = Release|Any CPU
		{E7EF53D1-CE5B-4494-89A5-39138F2E36C9}.Release|x86.ActiveCfg = Release|Any CPU
		{E7EF53D1-CE5B-4494-89A5-39138F2E36C9}.Release|x86.Build.0 = Release|Any CPU
		{D61CF02F-2745-4F6B-B94E-D885846A5590}.Debug|Any CPU.ActiveCfg = Debug|Any CPU
		{D61CF02F-2745-4F6B-B94E-D885846A5590}.Debug|Any CPU.Build.0 = Debug|Any CPU
		{D61CF02F-2745-4F6B-B94E-D885846A5590}.Debug|x64.ActiveCfg = Debug|Any CPU
		{D61CF02F-2745-4F6B-B94E-D885846A5590}.Debug|x64.Build.0 = Debug|Any CPU
		{D61CF02F-2745-4F6B-B94E-D885846A5590}.Debug|x86.ActiveCfg = Debug|Any CPU
		{D61CF02F-2745-4F6B-B94E-D885846A5590}.Debug|x86.Build.0 = Debug|Any CPU
		{D61CF02F-2745-4F6B-B94E-D885846A5590}.Release|Any CPU.ActiveCfg = Release|Any CPU
		{D61CF02F-2745-4F6B-B94E-D885846A5590}.Release|Any CPU.Build.0 = Release|Any CPU
		{D61CF02F-2745-4F6B-B94E-D885846A5590}.Release|x64.ActiveCfg = Release|Any CPU
		{D61CF02F-2745-4F6B-B94E-D885846A5590}.Release|x64.Build.0 = Release|Any CPU
		{D61CF02F-2745-4F6B-B94E-D885846A5590}.Release|x86.ActiveCfg = Release|Any CPU
		{D61CF02F-2745-4F6B-B94E-D885846A5590}.Release|x86.Build.0 = Release|Any CPU
		{41F31AF7-F60E-44CF-9CB3-F5FD294C8549}.Debug|Any CPU.ActiveCfg = Debug|Any CPU
		{41F31AF7-F60E-44CF-9CB3-F5FD294C8549}.Debug|Any CPU.Build.0 = Debug|Any CPU
		{41F31AF7-F60E-44CF-9CB3-F5FD294C8549}.Debug|x64.ActiveCfg = Debug|Any CPU
		{41F31AF7-F60E-44CF-9CB3-F5FD294C8549}.Debug|x64.Build.0 = Debug|Any CPU
		{41F31AF7-F60E-44CF-9CB3-F5FD294C8549}.Debug|x86.ActiveCfg = Debug|Any CPU
		{41F31AF7-F60E-44CF-9CB3-F5FD294C8549}.Debug|x86.Build.0 = Debug|Any CPU
		{41F31AF7-F60E-44CF-9CB3-F5FD294C8549}.Release|Any CPU.ActiveCfg = Release|Any CPU
		{41F31AF7-F60E-44CF-9CB3-F5FD294C8549}.Release|Any CPU.Build.0 = Release|Any CPU
		{41F31AF7-F60E-44CF-9CB3-F5FD294C8549}.Release|x64.ActiveCfg = Release|Any CPU
		{41F31AF7-F60E-44CF-9CB3-F5FD294C8549}.Release|x64.Build.0 = Release|Any CPU
		{41F31AF7-F60E-44CF-9CB3-F5FD294C8549}.Release|x86.ActiveCfg = Release|Any CPU
		{41F31AF7-F60E-44CF-9CB3-F5FD294C8549}.Release|x86.Build.0 = Release|Any CPU
		{F6B6E642-2E25-418B-BBED-5E8FC5546E19}.Debug|Any CPU.ActiveCfg = Debug|Any CPU
		{F6B6E642-2E25-418B-BBED-5E8FC5546E19}.Debug|Any CPU.Build.0 = Debug|Any CPU
		{F6B6E642-2E25-418B-BBED-5E8FC5546E19}.Debug|x64.ActiveCfg = Debug|Any CPU
		{F6B6E642-2E25-418B-BBED-5E8FC5546E19}.Debug|x64.Build.0 = Debug|Any CPU
		{F6B6E642-2E25-418B-BBED-5E8FC5546E19}.Debug|x86.ActiveCfg = Debug|Any CPU
		{F6B6E642-2E25-418B-BBED-5E8FC5546E19}.Debug|x86.Build.0 = Debug|Any CPU
		{F6B6E642-2E25-418B-BBED-5E8FC5546E19}.Release|Any CPU.ActiveCfg = Release|Any CPU
		{F6B6E642-2E25-418B-BBED-5E8FC5546E19}.Release|Any CPU.Build.0 = Release|Any CPU
		{F6B6E642-2E25-418B-BBED-5E8FC5546E19}.Release|x64.ActiveCfg = Release|Any CPU
		{F6B6E642-2E25-418B-BBED-5E8FC5546E19}.Release|x64.Build.0 = Release|Any CPU
		{F6B6E642-2E25-418B-BBED-5E8FC5546E19}.Release|x86.ActiveCfg = Release|Any CPU
		{F6B6E642-2E25-418B-BBED-5E8FC5546E19}.Release|x86.Build.0 = Release|Any CPU
		{138834FB-1D9C-4623-8F3E-13FF47D21067}.Debug|Any CPU.ActiveCfg = Debug|Any CPU
		{138834FB-1D9C-4623-8F3E-13FF47D21067}.Debug|Any CPU.Build.0 = Debug|Any CPU
		{138834FB-1D9C-4623-8F3E-13FF47D21067}.Debug|x64.ActiveCfg = Debug|Any CPU
		{138834FB-1D9C-4623-8F3E-13FF47D21067}.Debug|x64.Build.0 = Debug|Any CPU
		{138834FB-1D9C-4623-8F3E-13FF47D21067}.Debug|x86.ActiveCfg = Debug|Any CPU
		{138834FB-1D9C-4623-8F3E-13FF47D21067}.Debug|x86.Build.0 = Debug|Any CPU
		{138834FB-1D9C-4623-8F3E-13FF47D21067}.Release|Any CPU.ActiveCfg = Release|Any CPU
		{138834FB-1D9C-4623-8F3E-13FF47D21067}.Release|Any CPU.Build.0 = Release|Any CPU
		{138834FB-1D9C-4623-8F3E-13FF47D21067}.Release|x64.ActiveCfg = Release|Any CPU
		{138834FB-1D9C-4623-8F3E-13FF47D21067}.Release|x64.Build.0 = Release|Any CPU
		{138834FB-1D9C-4623-8F3E-13FF47D21067}.Release|x86.ActiveCfg = Release|Any CPU
		{138834FB-1D9C-4623-8F3E-13FF47D21067}.Release|x86.Build.0 = Release|Any CPU
		{F30F8EFF-6FB2-4415-A1DA-6C99FBF3120D}.Debug|Any CPU.ActiveCfg = Debug|Any CPU
		{F30F8EFF-6FB2-4415-A1DA-6C99FBF3120D}.Debug|Any CPU.Build.0 = Debug|Any CPU
		{F30F8EFF-6FB2-4415-A1DA-6C99FBF3120D}.Debug|x64.ActiveCfg = Debug|Any CPU
		{F30F8EFF-6FB2-4415-A1DA-6C99FBF3120D}.Debug|x64.Build.0 = Debug|Any CPU
		{F30F8EFF-6FB2-4415-A1DA-6C99FBF3120D}.Debug|x86.ActiveCfg = Debug|Any CPU
		{F30F8EFF-6FB2-4415-A1DA-6C99FBF3120D}.Debug|x86.Build.0 = Debug|Any CPU
		{F30F8EFF-6FB2-4415-A1DA-6C99FBF3120D}.Release|Any CPU.ActiveCfg = Release|Any CPU
		{F30F8EFF-6FB2-4415-A1DA-6C99FBF3120D}.Release|Any CPU.Build.0 = Release|Any CPU
		{F30F8EFF-6FB2-4415-A1DA-6C99FBF3120D}.Release|x64.ActiveCfg = Release|Any CPU
		{F30F8EFF-6FB2-4415-A1DA-6C99FBF3120D}.Release|x64.Build.0 = Release|Any CPU
		{F30F8EFF-6FB2-4415-A1DA-6C99FBF3120D}.Release|x86.ActiveCfg = Release|Any CPU
		{F30F8EFF-6FB2-4415-A1DA-6C99FBF3120D}.Release|x86.Build.0 = Release|Any CPU
	EndGlobalSection
	GlobalSection(SolutionProperties) = preSolution
		HideSolutionNode = FALSE
	EndGlobalSection
	GlobalSection(NestedProjects) = preSolution
		{E7EF53D1-CE5B-4494-89A5-39138F2E36C9} = {827E0CD3-B72D-47B6-A68D-7590B98EB39B}
		{D61CF02F-2745-4F6B-B94E-D885846A5590} = {827E0CD3-B72D-47B6-A68D-7590B98EB39B}
		{41F31AF7-F60E-44CF-9CB3-F5FD294C8549} = {827E0CD3-B72D-47B6-A68D-7590B98EB39B}
		{F6B6E642-2E25-418B-BBED-5E8FC5546E19} = {827E0CD3-B72D-47B6-A68D-7590B98EB39B}
		{138834FB-1D9C-4623-8F3E-13FF47D21067} = {0AB3BF05-4346-4AA6-1389-037BE0695223}
		{F30F8EFF-6FB2-4415-A1DA-6C99FBF3120D} = {0AB3BF05-4346-4AA6-1389-037BE0695223}
	EndGlobalSection
EndGlobal
